
Microsoft Visual Studio Solution File, Format Version 12.00
# Visual Studio Version 17
VisualStudioVersion = 17.9.34616.47
MinimumVisualStudioVersion = 10.0.40219.1
Project("{9A19103F-16F7-4668-BE54-9A1E7A4F7556}") = "WorkerService.App", "WorkerService.App\WorkerService.App.csproj", "{720AE03A-0B93-4406-86AF-64E11747671C}"
EndProject
Project("{9A19103F-16F7-4668-BE54-9A1E7A4F7556}") = "WorkerService.Application", "WorkerService.Application\WorkerService.Application.csproj", "{3F1B1CAA-4811-47BC-A63C-A8AABAD97B18}"
EndProject
Project("{9A19103F-16F7-4668-BE54-9A1E7A4F7556}") = "WorkerService.Domain", "WorkerService.Domain\WorkerService.Domain.csproj", "{ACCDF605-94E9-4F2C-A9C4-1B368C23C4C4}"
EndProject
Project("{9A19103F-16F7-4668-BE54-9A1E7A4F7556}") = "WorkerService.Infrastructure", "WorkerService.Infrastructure\WorkerService.Infrastructure.csproj", "{D9EEEEF7-42A4-466B-A36E-78A490069823}"
EndProject
Project("{2150E333-8FDC-42A3-9474-1A3956D46DE8}") = "src", "src", "{71192BF9-54B9-452D-A8EA-A9BBA9F1AAD7}"
EndProject
Project("{2150E333-8FDC-42A3-9474-1A3956D46DE8}") = "tests", "tests", "{9C862EF6-4348-4CCF-A2CC-D715C418B3C5}"
EndProject
Global
	GlobalSection(SolutionConfigurationPlatforms) = preSolution
		Debug|Any CPU = Debug|Any CPU
		Release|Any CPU = Release|Any CPU
	EndGlobalSection
	GlobalSection(ProjectConfigurationPlatforms) = postSolution
		{720AE03A-0B93-4406-86AF-64E11747671C}.Debug|Any CPU.ActiveCfg = Debug|Any CPU
		{720AE03A-0B93-4406-86AF-64E11747671C}.Debug|Any CPU.Build.0 = Debug|Any CPU
		{720AE03A-0B93-4406-86AF-64E11747671C}.Release|Any CPU.ActiveCfg = Release|Any CPU
		{720AE03A-0B93-4406-86AF-64E11747671C}.Release|Any CPU.Build.0 = Release|Any CPU
		{3F1B1CAA-4811-47BC-A63C-A8AABAD97B18}.Debug|Any CPU.ActiveCfg = Debug|Any CPU
		{3F1B1CAA-4811-47BC-A63C-A8AABAD97B18}.Debug|Any CPU.Build.0 = Debug|Any CPU
		{3F1B1CAA-4811-47BC-A63C-A8AABAD97B18}.Release|Any CPU.ActiveCfg = Release|Any CPU
		{3F1B1CAA-4811-47BC-A63C-A8AABAD97B18}.Release|Any CPU.Build.0 = Release|Any CPU
		{ACCDF605-94E9-4F2C-A9C4-1B368C23C4C4}.Debug|Any CPU.ActiveCfg = Debug|Any CPU
		{ACCDF605-94E9-4F2C-A9C4-1B368C23C4C4}.Debug|Any CPU.Build.0 = Debug|Any CPU
		{ACCDF605-94E9-4F2C-A9C4-1B368C23C4C4}.Release|Any CPU.ActiveCfg = Release|Any CPU
		{ACCDF605-94E9-4F2C-A9C4-1B368C23C4C4}.Release|Any CPU.Build.0 = Release|Any CPU
		{D9EEEEF7-42A4-466B-A36E-78A490069823}.Debug|Any CPU.ActiveCfg = Debug|Any CPU
		{D9EEEEF7-42A4-466B-A36E-78A490069823}.Debug|Any CPU.Build.0 = Debug|Any CPU
		{D9EEEEF7-42A4-466B-A36E-78A490069823}.Release|Any CPU.ActiveCfg = Release|Any CPU
		{D9EEEEF7-42A4-466B-A36E-78A490069823}.Release|Any CPU.Build.0 = Release|Any CPU
	EndGlobalSection
	GlobalSection(SolutionProperties) = preSolution
		HideSolutionNode = FALSE
	EndGlobalSection
	GlobalSection(NestedProjects) = preSolution
		{720AE03A-0B93-4406-86AF-64E11747671C} = {71192BF9-54B9-452D-A8EA-A9BBA9F1AAD7}
		{3F1B1CAA-4811-47BC-A63C-A8AABAD97B18} = {71192BF9-54B9-452D-A8EA-A9BBA9F1AAD7}
		{ACCDF605-94E9-4F2C-A9C4-1B368C23C4C4} = {71192BF9-54B9-452D-A8EA-A9BBA9F1AAD7}
		{D9EEEEF7-42A4-466B-A36E-78A490069823} = {71192BF9-54B9-452D-A8EA-A9BBA9F1AAD7}
	EndGlobalSection
	GlobalSection(ExtensibilityGlobals) = postSolution
		SolutionGuid = {4A1E104B-065E-4C1D-A5EF-698B3024013C}
	EndGlobalSection
EndGlobal
